{
  "R": {
    "Version": "4.1.2",
    "Repositories": [
      {
        "Name": "CRAN",
        "URL": "https://cran.rstudio.com"
      }
    ]
  },
  "Packages": {
    "DBI": {
      "Package": "DBI",
      "Version": "1.2.3",
      "Source": "Repository",
      "Repository": "CRAN",
      "Hash": "065ae649b05f1ff66bb0c793107508f5"
    },
    "DT": {
      "Package": "DT",
      "Version": "0.34.0",
      "Source": "Repository",
      "Repository": "CRAN",
      "Hash": "a9d00f59f9c7e613dd4c3e0d27135a03"
    },
    "KernSmooth": {
      "Package": "KernSmooth",
      "Version": "2.23-20",
      "Source": "Repository",
      "Repository": "CRAN",
      "Hash": "8dcfa99b14c296bc9f1fd64d52fd3ce7"
    },
    "MASS": {
      "Package": "MASS",
      "Version": "7.3-55",
      "Source": "Repository",
      "Repository": "CRAN",
      "Hash": "c5232ffb549f6d7a04a152c34ca1353d"
    },
    "Matrix": {
      "Package": "Matrix",
      "Version": "1.4-0",
      "Source": "Repository",
      "Repository": "CRAN",
      "Hash": "130c0caba175739d98f2963c6a407cf6"
    },
    "R6": {
      "Package": "R6",
      "Version": "2.6.1",
      "Source": "Repository",
      "Repository": "CRAN",
      "Hash": "d4335fe7207f1c01ab8c41762f5840d4"
    },
    "RColorBrewer": {
      "Package": "RColorBrewer",
      "Version": "1.1-3",
      "Source": "Repository",
      "Repository": "CRAN",
      "Hash": "45f0398006e83a5b10b72a90663d8d8c"
    },
    "RPostgres": {
      "Package": "RPostgres",
      "Version": "1.4.8",
      "Source": "Repository",
      "Repository": "CRAN",
      "Hash": "c74e7e71feadc6b7c5de999483f330cd"
    },
    "Rcpp": {
      "Package": "Rcpp",
      "Version": "1.1.0",
      "Source": "Repository",
      "Repository": "CRAN",
      "Hash": "0d3d8867aa41b0d9ad113b50c169ecb2"
    },
    "S7": {
      "Package": "S7",
      "Version": "0.2.0",
      "Source": "Repository",
      "Repository": "CRAN",
      "Hash": "5deb66b3ae702137e1f4162c11861e76"
    },
    "TTR": {
      "Package": "TTR",
      "Version": "0.24.4",
      "Source": "Repository",
      "Repository": "CRAN",
      "Hash": "1acd2b3db6e118dd161ee6cabedc4d4e"
    },
    "XML": {
      "Package": "XML",
      "Version": "3.99-0.19",
      "Source": "Repository",
      "Repository": "CRAN",
      "Hash": "2fb51b02bae18183093d668e490b59b8"
    },
    "askpass": {
      "Package": "askpass",
      "Version": "1.2.1",
      "Source": "Repository",
      "Repository": "CRAN",
      "Hash": "c39f4155b3ceb1a9a2799d700fbd4b6a"
    },
    "assertthat": {
      "Package": "assertthat",
      "Version": "0.2.1",
      "Source": "Repository",
      "Repository": "CRAN",
      "Hash": "50c838a310445e954bc13f26f26a6ecf"
    },
    "backports": {
      "Package": "backports",
      "Version": "1.5.0",
      "Source": "Repository",
      "Repository": "CRAN",
      "Hash": "e1e1b9d75c37401117b636b7ae50827a"
    },
    "base64enc": {
      "Package": "base64enc",
      "Version": "0.1-3",
      "Source": "Repository",
      "Repository": "CRAN",
      "Hash": "543776ae6848fde2f48ff3816d0628bc"
    },
    "bit": {
      "Package": "bit",
      "Version": "4.6.0",
      "Source": "Repository",
      "Repository": "CRAN",
      "Hash": "ebe86ffd194564abdc895d87742d5a29"
    },
    "bit64": {
      "Package": "bit64",
      "Version": "4.6.0-1",
      "Source": "Repository",
      "Repository": "CRAN",
      "Hash": "4f572fbc586294afff277db583b9060f"
    },
    "blob": {
      "Package": "blob",
      "Version": "1.2.4",
      "Source": "Repository",
      "Repository": "CRAN",
      "Hash": "40415719b5a479b87949f3aa0aee737c"
    },
    "broom": {
      "Package": "broom",
      "Version": "1.0.10",
      "Source": "Repository",
      "Repository": "CRAN",
      "Hash": "ef7ec50d4928be47aeae566ac32ea4d5"
    },
    "bslib": {
      "Package": "bslib",
      "Version": "0.9.0",
      "Source": "Repository",
      "Repository": "CRAN",
      "Hash": "70a6489cc254171fb9b4a7f130f44dca"
    },
    "cachem": {
      "Package": "cachem",
      "Version": "1.1.0",
      "Source": "Repository",
      "Repository": "CRAN",
      "Hash": "cd9a672193789068eb5a2aad65a0dedf"
    },
    "callr": {
      "Package": "callr",
      "Version": "3.7.6",
      "Source": "Repository",
      "Repository": "CRAN",
      "Hash": "d7e13f49c19103ece9e58ad2d83a7354"
    },
    "cellranger": {
      "Package": "cellranger",
      "Version": "1.1.0",
      "Source": "Repository",
      "Repository": "CRAN",
      "Hash": "f61dbaec772ccd2e17705c1e872e9e7c"
    },
    "class": {
      "Package": "class",
      "Version": "7.3-20",
      "Source": "Repository",
      "Repository": "CRAN",
      "Hash": "da09d82223e669d270e47ed24ac8686e"
    },
    "classInt": {
      "Package": "classInt",
      "Version": "0.4-11",
      "Source": "Repository",
      "Repository": "CRAN",
      "Hash": "f2af70314a63d7f025ae668f08bd933a"
    },
    "cli": {
      "Package": "cli",
      "Version": "3.6.5",
      "Source": "Repository",
      "Repository": "CRAN",
      "Hash": "16850760556401a2eeb27d39bd11c9cb"
    },
    "clipr": {
      "Package": "clipr",
      "Version": "0.8.0",
      "Source": "Repository",
      "Repository": "CRAN",
      "Hash": "3f038e5ac7f41d4ac41ce658c85e3042"
    },
    "commonmark": {
      "Package": "commonmark",
      "Version": "2.0.0",
      "Source": "Repository",
      "Repository": "CRAN",
      "Hash": "8cba62334c1088d21689d353a7e87663"
    },
    "config": {
      "Package": "config",
      "Version": "0.3.2",
      "Source": "Repository",
      "Repository": "CRAN",
      "Hash": "8b7222e9d9eb5178eea545c0c4d33fc2"
    },
    "conflicted": {
      "Package": "conflicted",
      "Version": "1.2.0",
      "Source": "Repository",
      "Repository": "CRAN",
      "Hash": "bb097fccb22d156624fd07cd2894ddb6"
    },
    "cpp11": {
      "Package": "cpp11",
      "Version": "0.5.2",
      "Source": "Repository",
      "Repository": "CRAN",
      "Hash": "2720e3fd3dad08f34b19b56b3d6f073d"
    },
    "crayon": {
      "Package": "crayon",
      "Version": "1.5.3",
      "Source": "Repository",
      "Repository": "CRAN",
      "Hash": "859d96e65ef198fd43e82b9628d593ef"
    },
    "crosstalk": {
      "Package": "crosstalk",
      "Version": "1.2.2",
      "Source": "Repository",
      "Repository": "CRAN",
      "Hash": "8b008bc619e0bbebb5646b3d37efdad1"
    },
    "curl": {
      "Package": "curl",
      "Version": "7.0.0",
      "Source": "Repository",
      "Repository": "CRAN",
      "Hash": "aa27e963d3deccf4bade44d06b976977"
    },
    "data.table": {
      "Package": "data.table",
      "Version": "1.17.8",
      "Source": "Repository",
      "Repository": "CRAN",
      "Hash": "1d991cd6160fa7b1fdbd3689034cbd15"
    },
    "dbplyr": {
      "Package": "dbplyr",
      "Version": "2.5.1",
      "Source": "Repository",
      "Repository": "CRAN",
      "Hash": "e38d7151c767b00b919091be4686e274"
    },
    "digest": {
      "Package": "digest",
      "Version": "0.6.37",
      "Source": "Repository",
      "Repository": "CRAN",
      "Hash": "33698c4b3127fc9f506654607fb73676"
    },
    "dplyr": {
      "Package": "dplyr",
      "Version": "1.1.4",
      "Source": "Repository",
      "Repository": "CRAN",
      "Hash": "fedd9d00c2944ff00a0e2696ccf048ec"
    },
    "dtplyr": {
      "Package": "dtplyr",
      "Version": "1.3.2",
      "Source": "Repository",
      "Repository": "CRAN",
      "Hash": "50bbedd3d5b6a4ddc3c3c1602456aa35"
    },
    "dygraphs": {
      "Package": "dygraphs",
      "Version": "1.1.1.6",
      "Source": "Repository",
      "Repository": "CRAN",
      "Hash": "716869fffc16e282c118f8894e082a7d"
    },
    "e1071": {
      "Package": "e1071",
      "Version": "1.7-16",
      "Source": "Repository",
      "Repository": "CRAN",
      "Hash": "27a09ca40266a1066d62ef5402dd51d6"
    },
    "evaluate": {
      "Package": "evaluate",
      "Version": "1.0.5",
      "Source": "Repository",
      "Repository": "CRAN",
      "Hash": "94cf2c54237f6841cee68e3ba4ab5a14"
    },
    "farver": {
      "Package": "farver",
      "Version": "2.1.2",
      "Source": "Repository",
      "Repository": "CRAN",
      "Hash": "680887028577f3fa2a81e410ed0d6e42"
    },
    "fastmap": {
      "Package": "fastmap",
      "Version": "1.2.0",
      "Source": "Repository",
      "Repository": "CRAN",
      "Hash": "aa5e1cd11c2d15497494c5292d7ffcc8"
    },
    "fontawesome": {
      "Package": "fontawesome",
      "Version": "0.5.3",
      "Source": "Repository",
      "Repository": "CRAN",
      "Hash": "bd1297f9b5b1fc1372d19e2c4cd82215"
    },
    "forcats": {
      "Package": "forcats",
      "Version": "1.0.1",
      "Source": "Repository",
      "Repository": "CRAN",
      "Hash": "f884a14605c6a9eb01db676eee793ba7"
    },
    "fresh": {
      "Package": "fresh",
      "Version": "0.2.2",
      "Source": "Repository",
      "Repository": "CRAN",
      "Hash": "5c9baab875f740e66a3d19e06d9909d9"
    },
    "fs": {
      "Package": "fs",
      "Version": "1.6.6",
      "Source": "Repository",
      "Repository": "CRAN",
      "Hash": "7eb1e342eee7e0a7449c49cdaa526d39"
    },
    "gargle": {
      "Package": "gargle",
      "Version": "1.6.0",
      "Source": "Repository",
      "Repository": "CRAN",
      "Hash": "77fecfba06c868a6bfe2f0d60b2b6b36"
    },
    "generics": {
      "Package": "generics",
      "Version": "0.1.4",
      "Source": "Repository",
      "Repository": "CRAN",
      "Hash": "4b29bf698d0c7bdb9f1e4976e7ade41d"
    },
    "ggplot2": {
      "Package": "ggplot2",
      "Version": "4.0.0",
      "Source": "Repository",
      "Repository": "CRAN",
      "Hash": "3b4625a157bcbd82b937fcb3acdd2d85"
    },
    "glue": {
      "Package": "glue",
      "Version": "1.8.0",
      "Source": "Repository",
      "Repository": "CRAN",
      "Hash": "5899f1eaa825580172bb56c08266f37c"
    },
    "googledrive": {
      "Package": "googledrive",
      "Version": "2.1.2",
      "Source": "Repository",
      "Repository": "CRAN",
      "Hash": "292be194aa519482c4b83f488a818ba3"
    },
    "googlesheets4": {
      "Package": "googlesheets4",
      "Version": "1.1.2",
      "Source": "Repository",
      "Repository": "CRAN",
      "Hash": "376adbf359b416dbb30a76a2d2051ed5"
    },
    "gtable": {
      "Package": "gtable",
      "Version": "0.3.6",
      "Source": "Repository",
      "Repository": "CRAN",
      "Hash": "de949855009e2d4d0e52a844e30617ae"
    },
    "haven": {
      "Package": "haven",
      "Version": "2.5.5",
      "Source": "Repository",
      "Repository": "CRAN",
      "Hash": "437bc7804f8ffdfcfed38d0aead6a9d7"
    },
    "here": {
      "Package": "here",
      "Version": "1.0.2",
      "Source": "Repository",
      "Repository": "CRAN",
      "Hash": "e5114f2abe04168238181913a8572358"
    },
    "highcharter": {
      "Package": "highcharter",
      "Version": "0.9.4",
      "Source": "Repository",
      "Repository": "CRAN",
      "Hash": "e9851999ff5a7d33d6b17a68b2cb7f59"
    },
    "highr": {
      "Package": "highr",
      "Version": "0.11",
      "Source": "Repository",
      "Repository": "CRAN",
      "Hash": "d65ba49117ca223614f71b60d85b8ab7"
    },
    "hms": {
      "Package": "hms",
      "Version": "1.1.3",
      "Source": "Repository",
      "Repository": "CRAN",
      "Hash": "b59377caa7ed00fa41808342002138f9"
    },
    "htmltools": {
      "Package": "htmltools",
      "Version": "0.5.8.1",
      "Source": "Repository",
      "Repository": "CRAN",
      "Hash": "81d371a9cc60640e74e4ab6ac46dcedc"
    },
    "htmlwidgets": {
      "Package": "htmlwidgets",
      "Version": "1.6.4",
      "Source": "Repository",
      "Repository": "CRAN",
      "Hash": "04291cc45198225444a397606810ac37"
    },
    "httpuv": {
      "Package": "httpuv",
      "Version": "1.6.16",
      "Source": "Repository",
      "Repository": "CRAN",
      "Hash": "6c3c8728e40326de6529a5c46e377e5c"
    },
    "httr": {
      "Package": "httr",
      "Version": "1.4.7",
      "Source": "Repository",
      "Repository": "CRAN",
      "Hash": "ac107251d9d9fd72f0ca8049988f1d7f"
    },
    "ids": {
      "Package": "ids",
      "Version": "1.0.1",
      "Source": "Repository",
      "Repository": "CRAN",
      "Hash": "99df65cfef20e525ed38c3d2577f7190"
    },
    "igraph": {
      "Package": "igraph",
      "Version": "2.1.4",
      "Source": "Repository",
      "Repository": "CRAN",
      "Hash": "db7352c3d239d0a319d2e3d0d040ed16"
    },
    "isoband": {
      "Package": "isoband",
      "Version": "0.2.7",
      "Source": "Repository",
      "Repository": "CRAN",
      "Hash": "0080607b4a1a7b28979aecef976d8bc2"
    },
    "jquerylib": {
      "Package": "jquerylib",
      "Version": "0.1.4",
      "Source": "Repository",
      "Repository": "CRAN",
      "Hash": "5aab57a3bd297eee1c1d862735972182"
    },
    "jsonlite": {
      "Package": "jsonlite",
      "Version": "2.0.0",
      "Source": "Repository",
      "Repository": "CRAN",
      "Hash": "b0776f526d36d8bd4a3344a88fe165c4"
    },
    "knitr": {
      "Package": "knitr",
      "Version": "1.50",
      "Source": "Repository",
      "Repository": "CRAN",
      "Hash": "5a07d8ec459d7b80bd4acca5f4a6e062"
    },
    "labeling": {
      "Package": "labeling",
      "Version": "0.4.3",
      "Source": "Repository",
      "Repository": "CRAN",
      "Hash": "b64ec208ac5bc1852b285f665d6368b3"
    },
    "later": {
      "Package": "later",
      "Version": "1.4.4",
      "Source": "Repository",
      "Repository": "CRAN",
      "Hash": "a729883bff94b606cd4f0445aeed95b5"
    },
    "lattice": {
      "Package": "lattice",
      "Version": "0.20-45",
      "Source": "Repository",
      "Repository": "CRAN",
      "Hash": "b64cdbb2b340437c4ee047a1f4c4377b"
    },
    "lazyeval": {
      "Package": "lazyeval",
      "Version": "0.2.2",
      "Source": "Repository",
      "Repository": "CRAN",
      "Hash": "d908914ae53b04d4c0c0fd72ecc35370"
    },
    "leaflet": {
      "Package": "leaflet",
      "Version": "2.2.3",
      "Source": "Repository",
      "Repository": "CRAN",
      "Hash": "da8aa03b2885c2b934923e6a53fe592a"
    },
    "leaflet.providers": {
      "Package": "leaflet.providers",
      "Version": "2.0.0",
      "Source": "Repository",
      "Repository": "CRAN",
      "Hash": "c0b81ad9d5d932772f7a457ac398cf36"
    },
    "lifecycle": {
      "Package": "lifecycle",
      "Version": "1.0.4",
      "Source": "Repository",
      "Repository": "CRAN",
      "Hash": "b8552d117e1b808b09a832f589b79035"
    },
    "listviewer": {
      "Package": "listviewer",
      "Version": "4.0.0",
      "Source": "Repository",
      "Repository": "CRAN",
      "Hash": "6ec1630c8af7fa1d4e877806b0d2d08a"
    },
    "lubridate": {
      "Package": "lubridate",
      "Version": "1.9.4",
      "Source": "Repository",
      "Repository": "CRAN",
      "Hash": "be38bc740fc51783a78edb5a157e4104"
    },
    "magrittr": {
      "Package": "magrittr",
      "Version": "2.0.4",
      "Source": "Repository",
      "Repository": "CRAN",
      "Hash": "8b3b213aa0c54a0dec254288ccb545d1"
    },
    "memoise": {
      "Package": "memoise",
      "Version": "2.0.1",
      "Source": "Repository",
      "Repository": "CRAN",
      "Hash": "e2817ccf4a065c5d9d7f2cfbe7c1d78c"
    },
    "mime": {
      "Package": "mime",
      "Version": "0.13",
      "Source": "Repository",
      "Repository": "CRAN",
      "Hash": "0ec19f34c72fab674d8f2b4b1c6410e1"
    },
    "modelr": {
      "Package": "modelr",
      "Version": "0.1.11",
      "Source": "Repository",
      "Repository": "CRAN",
      "Hash": "4f50122dc256b1b6996a4703fecea821"
    },
    "openssl": {
      "Package": "openssl",
      "Version": "2.3.4",
      "Source": "Repository",
      "Repository": "CRAN",
      "Hash": "d5811dade9cd3a34a9038a45f1a59bae"
    },
    "pillar": {
      "Package": "pillar",
      "Version": "1.11.1",
      "Source": "Repository",
      "Repository": "CRAN",
      "Hash": "1395e64f2689ffd503657778e810cee2"
    },
    "pkgconfig": {
      "Package": "pkgconfig",
      "Version": "2.0.3",
      "Source": "Repository",
      "Repository": "CRAN",
      "Hash": "01f28d4278f15c76cddbea05899c5d6f"
    },
    "plogr": {
      "Package": "plogr",
      "Version": "0.2.0",
      "Source": "Repository",
      "Repository": "CRAN",
      "Hash": "09eb987710984fc2905c7129c7d85e65"
    },
    "plotly": {
      "Package": "plotly",
      "Version": "4.11.0",
      "Source": "Repository",
      "Repository": "CRAN",
      "Hash": "51ccd0076867d9597cfba6771fee9080"
    },
    "png": {
      "Package": "png",
      "Version": "0.1-8",
      "Source": "Repository",
      "Repository": "CRAN",
      "Hash": "bd54ba8a0a5faded999a7aab6e46b374"
    },
    "prettyunits": {
      "Package": "prettyunits",
      "Version": "1.2.0",
      "Source": "Repository",
      "Repository": "CRAN",
      "Hash": "6b01fc98b1e86c4f705ce9dcfd2f57c7"
    },
    "processx": {
      "Package": "processx",
      "Version": "3.8.6",
      "Source": "Repository",
      "Repository": "CRAN",
      "Hash": "720161b280b0a35f4d1490ead2fe81d0"
    },
    "progress": {
      "Package": "progress",
      "Version": "1.2.3",
      "Source": "Repository",
      "Repository": "CRAN",
      "Hash": "f4625e061cb2865f111b47ff163a5ca6"
    },
    "promises": {
      "Package": "promises",
      "Version": "1.3.3",
      "Source": "Repository",
      "Repository": "CRAN",
      "Hash": "70157a4a73963da5779f9c67f4d31fd1"
    },
    "proxy": {
      "Package": "proxy",
      "Version": "0.4-27",
      "Source": "Repository",
      "Repository": "CRAN",
      "Hash": "e0ef355c12942cf7a6b91a6cfaea8b3e"
    },
    "ps": {
      "Package": "ps",
      "Version": "1.9.1",
      "Source": "Repository",
      "Repository": "CRAN",
      "Hash": "093688087b0bacce6ba2f661f36328e2"
    },
    "purrr": {
      "Package": "purrr",
      "Version": "1.1.0",
      "Source": "Repository",
      "Repository": "CRAN",
      "Hash": "9240cfb47489133f809918a0d3cc60cb"
    },
    "quantmod": {
      "Package": "quantmod",
      "Version": "0.4.28",
      "Source": "Repository",
      "Repository": "CRAN",
      "Hash": "998e62a5735c2fe6b4a36b0d00e68b70"
    },
    "ragg": {
      "Package": "ragg",
      "Version": "1.5.0",
      "Source": "Repository",
      "Repository": "CRAN",
      "Hash": "cdb40b21711a8870f305b24226698f9f"
    },
    "rappdirs": {
      "Package": "rappdirs",
      "Version": "0.3.3",
      "Source": "Repository",
      "Repository": "CRAN",
      "Hash": "5e3c5dc0b071b21fa128676560dbe94d"
    },
    "raster": {
      "Package": "raster",
      "Version": "3.6-32",
      "Source": "Repository",
      "Repository": "CRAN",
      "Hash": "1e193fc2c727a6f83cf95d9e16024423"
    },
    "reactR": {
      "Package": "reactR",
      "Version": "0.6.1",
      "Source": "Repository",
      "Repository": "CRAN",
      "Hash": "b8e3d93f508045812f47136c7c44c251"
    },
    "reactable": {
      "Package": "reactable",
      "Version": "0.4.4",
      "Source": "Repository",
      "Repository": "CRAN",
      "Hash": "6069eb2a6597963eae0605c1875ff14c"
    },
    "readr": {
      "Package": "readr",
      "Version": "2.1.5",
      "Source": "Repository",
      "Repository": "CRAN",
      "Hash": "9de96463d2117f6ac49980577939dfb3"
    },
    "readxl": {
      "Package": "readxl",
      "Version": "1.4.5",
      "Source": "Repository",
      "Repository": "CRAN",
      "Hash": "18948de59f05d38a44d3e5065a76b4b6"
    },
    "rematch": {
      "Package": "rematch",
      "Version": "2.0.0",
      "Source": "Repository",
      "Repository": "CRAN",
      "Hash": "cbff1b666c6fa6d21202f07e2318d4f1"
    },
    "rematch2": {
      "Package": "rematch2",
      "Version": "2.1.2",
      "Source": "Repository",
      "Repository": "CRAN",
      "Hash": "76c9e04c712a05848ae7a23d2f170a40"
    },
    "renv": {
      "Package": "renv",
      "Version": "0.11.0",
      "Source": "Repository",
      "Repository": "CRAN",
      "Hash": "1c3ef87cbb81c23ac96797781ec7aecc"
    },
    "reprex": {
      "Package": "reprex",
      "Version": "2.1.1",
      "Source": "Repository",
      "Repository": "CRAN",
      "Hash": "97b1d5361a24d9fb588db7afe3e5bcbf"
    },
    "rjson": {
      "Package": "rjson",
      "Version": "0.2.23",
      "Source": "Repository",
      "Repository": "CRAN",
      "Hash": "7a04e9eff95857dbf557b4e5f0b3d1a8"
    },
    "rlang": {
      "Package": "rlang",
      "Version": "1.1.6",
      "Source": "Repository",
      "Repository": "CRAN",
      "Hash": "892124978869b74935dc3934c42bfe5a"
    },
    "rlist": {
      "Package": "rlist",
      "Version": "0.4.6.2",
      "Source": "Repository",
      "Repository": "CRAN",
      "Hash": "290c8ea0700d2e7258082d0025386e68"
    },
    "rmarkdown": {
      "Package": "rmarkdown",
      "Version": "2.30",
      "Source": "Repository",
      "Repository": "CRAN",
      "Hash": "efe19db0fde0fff13cea7eec6f695021"
    },
    "rprojroot": {
      "Package": "rprojroot",
      "Version": "2.1.1",
      "Source": "Repository",
      "Repository": "CRAN",
      "Hash": "b2453de2d29aa646afe4781defdc7903"
    },
    "rstudioapi": {
      "Package": "rstudioapi",
      "Version": "0.17.1",
      "Source": "Repository",
      "Repository": "CRAN",
      "Hash": "5f90cd73946d706cfe26024294236113"
    },
    "rvest": {
      "Package": "rvest",
      "Version": "1.0.5",
      "Source": "Repository",
      "Repository": "CRAN",
      "Hash": "2804ddcd7737082306c559d919886546"
    },
    "s2": {
      "Package": "s2",
      "Version": "1.1.9",
      "Source": "Repository",
      "Repository": "CRAN",
      "Hash": "4e664a5d610d58f27ec196e96cdb7f6f"
    },
    "sass": {
      "Package": "sass",
      "Version": "0.4.10",
      "Source": "Repository",
      "Repository": "CRAN",
      "Hash": "3fb78d066fb92299b1d13f6a7c9a90a8"
    },
    "scales": {
      "Package": "scales",
      "Version": "1.4.0",
      "Source": "Repository",
      "Repository": "CRAN",
      "Hash": "c5bba8f0d1df8c4b9538a40570798d9b"
    },
    "selectr": {
      "Package": "selectr",
      "Version": "0.4-2",
      "Source": "Repository",
      "Repository": "CRAN",
      "Hash": "3838071b66e0c566d55cc26bd6e27bf4"
    },
    "sf": {
      "Package": "sf",
      "Version": "1.0-21",
      "Source": "Repository",
      "Repository": "CRAN",
      "Hash": "14a8dae2a678fa953907893a9df561c0"
    },
    "shiny": {
      "Package": "shiny",
      "Version": "1.11.1",
      "Source": "Repository",
      "Repository": "CRAN",
      "Hash": "1c1a2437351984ff592639ae28cda09e"
    },
    "shinyBS": {
      "Package": "shinyBS",
      "Version": "0.61.1",
      "Source": "Repository",
      "Repository": "CRAN",
      "Hash": "e44255f073ecdc26ba6bc2ce3fcf174d"
    },
    "shinyWidgets": {
      "Package": "shinyWidgets",
      "Version": "0.9.0",
      "Source": "Repository",
      "Repository": "CRAN",
      "Hash": "2356d33ce915ad415b1fe9a476c99a7d"
    },
    "shinybusy": {
      "Package": "shinybusy",
      "Version": "0.3.3",
      "Source": "Repository",
      "Repository": "CRAN",
      "Hash": "7dc8feb4207741ff581422a04fc8f3ea"
    },
    "shinydashboard": {
      "Package": "shinydashboard",
      "Version": "0.7.3",
      "Source": "Repository",
      "Repository": "CRAN",
      "Hash": "b39bc6c8dd72423ccf9e30ec7eb6a0f2"
    },
    "shinydashboardPlus": {
      "Package": "shinydashboardPlus",
      "Version": "2.0.6",
      "Source": "Repository",
      "Repository": "CRAN",
      "Hash": "4fa93b5824a5c381fb59b3a5f84e1420"
    },
    "sourcetools": {
      "Package": "sourcetools",
      "Version": "0.1.7-1",
      "Source": "Repository",
      "Repository": "CRAN",
      "Hash": "5f5a7629f956619d519205ec475fe647"
    },
    "sp": {
      "Package": "sp",
      "Version": "2.2-0",
      "Source": "Repository",
      "Repository": "CRAN",
      "Hash": "d9ff3b753db98bc50650314c8782abe6"
    },
    "stringi": {
      "Package": "stringi",
      "Version": "1.8.7",
      "Source": "Repository",
      "Repository": "CRAN",
      "Hash": "2b56088e23bdd58f89aebf43a0913457"
    },
    "stringr": {
      "Package": "stringr",
      "Version": "1.5.2",
      "Source": "Repository",
      "Repository": "CRAN",
      "Hash": "8f28c568a22dde52d2c8b11958776ac2"
    },
    "sys": {
      "Package": "sys",
      "Version": "3.4.3",
      "Source": "Repository",
      "Repository": "CRAN",
      "Hash": "de342ebfebdbf40477d0758d05426646"
    },
    "systemfonts": {
      "Package": "systemfonts",
      "Version": "1.3.1",
      "Source": "Repository",
      "Repository": "CRAN",
      "Hash": "4fae513a3bb1a155943d1e9d1ae467ec"
    },
    "terra": {
      "Package": "terra",
      "Version": "1.8-70",
      "Source": "Repository",
      "Repository": "CRAN",
      "Hash": "366d90437eed64db1ada9722388d8a58"
    },
    "textshaping": {
      "Package": "textshaping",
      "Version": "1.0.3",
      "Source": "Repository",
      "Repository": "CRAN",
      "Hash": "2fd3d0b32fc922bac1121f5409b96910"
    },
    "tibble": {
      "Package": "tibble",
      "Version": "3.3.0",
      "Source": "Repository",
      "Repository": "CRAN",
      "Hash": "784b27d0801c3829de602105757b2cd7"
    },
    "tidyr": {
      "Package": "tidyr",
      "Version": "1.3.1",
      "Source": "Repository",
      "Repository": "CRAN",
      "Hash": "915fb7ce036c22a6a33b5a8adb712eb1"
    },
    "tidyselect": {
      "Package": "tidyselect",
      "Version": "1.2.1",
      "Source": "Repository",
      "Repository": "CRAN",
      "Hash": "829f27b9c4919c16b593794a6344d6c0"
    },
    "tidyverse": {
      "Package": "tidyverse",
      "Version": "2.0.0",
      "Source": "Repository",
      "Repository": "CRAN",
      "Hash": "c328568cd14ea89a83bd4ca7f54ae07e"
    },
    "timechange": {
      "Package": "timechange",
      "Version": "0.3.0",
      "Source": "Repository",
      "Repository": "CRAN",
      "Hash": "c5f3c201b931cd6474d17d8700ccb1c8"
    },
    "tinytex": {
      "Package": "tinytex",
      "Version": "0.57",
      "Source": "Repository",
      "Repository": "CRAN",
      "Hash": "02d65e0c0415bf36a7ddc0d2ba50a840"
    },
    "tzdb": {
      "Package": "tzdb",
      "Version": "0.5.0",
      "Source": "Repository",
      "Repository": "CRAN",
      "Hash": "09e3961e87b7bafa4a9340bbb34aeda8"
    },
    "units": {
      "Package": "units",
      "Version": "0.8-7",
      "Source": "Repository",
      "Repository": "CRAN",
      "Hash": "5d0b024902d5da97a2b64f002e92a869"
    },
    "utf8": {
      "Package": "utf8",
      "Version": "1.2.6",
      "Source": "Repository",
      "Repository": "CRAN",
      "Hash": "d526d558be176e9ceb68c3d1e83479b7"
    },
    "uuid": {
      "Package": "uuid",
      "Version": "1.2-1",
      "Source": "Repository",
      "Repository": "CRAN",
      "Hash": "34e965e62a41fcafb1ca60e9b142085b"
    },
    "vctrs": {
      "Package": "vctrs",
      "Version": "0.6.5",
      "Source": "Repository",
      "Repository": "CRAN",
      "Hash": "c03fa420630029418f7e6da3667aac4a"
    },
    "viridisLite": {
      "Package": "viridisLite",
      "Version": "0.4.2",
      "Source": "Repository",
      "Repository": "CRAN",
      "Hash": "c826c7c4241b6fc89ff55aaea3fa7491"
    },
    "vroom": {
      "Package": "vroom",
      "Version": "1.6.6",
      "Source": "Repository",
      "Repository": "CRAN",
      "Hash": "a9d1c6bf67f15a0d07be840caeaab49a"
    },
    "waiter": {
      "Package": "waiter",
      "Version": "0.2.5.1",
      "Source": "Repository",
      "Repository": "CRAN",
      "Hash": "695c6fadef72d88e1ea024a5a74571bb"
    },
    "withr": {
      "Package": "withr",
      "Version": "3.0.2",
      "Source": "Repository",
      "Repository": "CRAN",
      "Hash": "cc2d62c76458d425210d1eb1478b30b4"
    },
    "wk": {
      "Package": "wk",
      "Version": "0.9.4",
      "Source": "Repository",
      "Repository": "CRAN",
      "Hash": "37be35d733130f1de1ef51672cf7cdc0"
    },
    "xfun": {
      "Package": "xfun",
      "Version": "0.53",
      "Source": "Repository",
      "Repository": "CRAN",
      "Hash": "1befe97a0d56060b3964e3986d408df9"
    },
    "xml2": {
      "Package": "xml2",
      "Version": "1.4.0",
      "Source": "Repository",
      "Repository": "CRAN",
      "Hash": "3dfd9ffbe221af775cb37f95e7e893ec"
    },
    "xtable": {
      "Package": "xtable",
      "Version": "1.8-4",
      "Source": "Repository",
      "Repository": "CRAN",
      "Hash": "b8acdf8af494d9ec19ccb2481a9b11c2"
    },
    "xts": {
      "Package": "xts",
      "Version": "0.14.1",
      "Source": "Repository",
      "Repository": "CRAN",
      "Hash": "be0d8259b62c520dac5097ad7ba9baea"
    },
    "yaml": {
      "Package": "yaml",
      "Version": "2.3.10",
      "Source": "Repository",
      "Repository": "CRAN",
      "Hash": "51dab85c6c98e50a18d7551e9d49f76c"
    },
    "zoo": {
      "Package": "zoo",
      "Version": "1.8-14",
      "Source": "Repository",
      "Repository": "CRAN",
      "Hash": "d55a14a07e7f0b4a66f432198bcca194"
    }
  }
}
